
Microsoft Visual Studio Solution File, Format Version 12.00
# Visual Studio Version 17
VisualStudioVersion = 17.2.32630.192
MinimumVisualStudioVersion = 10.0.40219.1
Project("{8BC9CEB8-8B4A-11D0-8D11-00A0C91BC942}") = "Deathrun", "Deathrun.vcxproj", "{83C79B20-58AE-454A-AB87-7F6A093B56DB}"
EndProject
Global
	GlobalSection(SolutionConfigurationPlatforms) = preSolution
		Debug|x64 = Debug|x64
		Debug|x86 = Debug|x86
		Release|x64 = Release|x64
		Release|x86 = Release|x86
	EndGlobalSection
	GlobalSection(ProjectConfigurationPlatforms) = postSolution
		{83C79B20-58AE-454A-AB87-7F6A093B56DB}.Debug|x64.ActiveCfg = Debug|x64
		{83C79B20-58AE-454A-AB87-7F6A093B56DB}.Debug|x64.Build.0 = Debug|x64
		{83C79B20-58AE-454A-AB87-7F6A093B56DB}.Debug|x86.ActiveCfg = Debug|Win32
		{83C79B20-58AE-454A-AB87-7F6A093B56DB}.Debug|x86.Build.0 = Debug|Win32
		{83C79B20-58AE-454A-AB87-7F6A093B56DB}.Release|x64.ActiveCfg = Release|x64
		{83C79B20-58AE-454A-AB87-7F6A093B56DB}.Release|x64.Build.0 = Release|x64
		{83C79B20-58AE-454A-AB87-7F6A093B56DB}.Release|x86.ActiveCfg = Release|Win32
		{83C79B20-58AE-454A-AB87-7F6A093B56DB}.Release|x86.Build.0 = Release|Win32
	EndGlobalSection
	GlobalSection(SolutionProperties) = preSolution
		HideSolutionNode = FALSE
	EndGlobalSection
	GlobalSection(ExtensibilityGlobals) = postSolution
		SolutionGuid = {B1247899-75EC-419F-9761-BA884A1CE6EB}
	EndGlobalSection
EndGlobal
